
Microsoft Visual Studio Solution File, Format Version 12.00
# Visual Studio Version 17
VisualStudioVersion = 17.9.34723.18
MinimumVisualStudioVersion = 10.0.40219.1
Project("{FAE04EC0-301F-11D3-BF4B-00C04F79EFBC}") = "jgarciaExamen", "jgarciaExamen.csproj", "{F839E16A-F033-44B8-8CC9-BA1C4F8D6058}"
EndProject
Global
	GlobalSection(SolutionConfigurationPlatforms) = preSolution
		Debug|Any CPU = Debug|Any CPU
		Release|Any CPU = Release|Any CPU
	EndGlobalSection
	GlobalSection(ProjectConfigurationPlatforms) = postSolution
		{F839E16A-F033-44B8-8CC9-BA1C4F8D6058}.Debug|Any CPU.ActiveCfg = Debug|Any CPU
		{F839E16A-F033-44B8-8CC9-BA1C4F8D6058}.Debug|Any CPU.Build.0 = Debug|Any CPU
		{F839E16A-F033-44B8-8CC9-BA1C4F8D6058}.Debug|Any CPU.Deploy.0 = Debug|Any CPU
		{F839E16A-F033-44B8-8CC9-BA1C4F8D6058}.Release|Any CPU.ActiveCfg = Release|Any CPU
		{F839E16A-F033-44B8-8CC9-BA1C4F8D6058}.Release|Any CPU.Build.0 = Release|Any CPU
		{F839E16A-F033-44B8-8CC9-BA1C4F8D6058}.Release|Any CPU.Deploy.0 = Release|Any CPU
	EndGlobalSection
	GlobalSection(SolutionProperties) = preSolution
		HideSolutionNode = FALSE
	EndGlobalSection
	GlobalSection(ExtensibilityGlobals) = postSolution
		SolutionGuid = {7177D970-912C-4FA0-8C9E-441A1C16D313}
	EndGlobalSection
EndGlobal
